<?xml version="1.0" encoding="utf-8"?>
<Project ToolsVersion="4.0" xmlns="http://schemas.microsoft.com/developer/msbuild/2003">
  <ItemGroup>
    <Filter Include="源文件">
      <UniqueIdentifier>{4FC737F1-C7A5-4376-A066-2A32D752A2FF}</UniqueIdentifier>
      <Extensions>cpp;c;cc;cxx;def;odl;idl;hpj;bat;asm;asmx</Extensions>
    </Filter>
    <Filter Include="头文件">
      <UniqueIdentifier>{93995380-89BD-4b04-88EB-625FBE52EBFB}</UniqueIdentifier>
      <Extensions>h;hpp;hxx;hm;inl;inc;xsd</Extensions>
    </Filter>
    <Filter Include="资源文件">
      <UniqueIdentifier>{67DA6AB6-F800-4c08-8B7A-83BB121AAD01}</UniqueIdentifier>
      <Extensions>rc;ico;cur;bmp;dlg;rc2;rct;bin;rgs;gif;jpg;jpeg;jpe;resx;tiff;tif;png;wav</Extensions>
    </Filter>
    <Filter Include="json">
      <UniqueIdentifier>{9eb5c9d1-96f3-41b3-9a45-68b57ec288d2}</UniqueIdentifier>
    </Filter>
    <Filter Include="nedmalloc">
      <UniqueIdentifier>{070775d6-03d7-4dec-a5a7-3a1349ec9297}</UniqueIdentifier>
    </Filter>
  </ItemGroup>
  <ItemGroup>
    <ClInclude Include="util.h">
      <Filter>头文件</Filter>
    </ClInclude>
    <ClInclude Include="json\autolink.h">
      <Filter>json</Filter>
    </ClInclude>
    <ClInclude Include="json\config.h">
      <Filter>json</Filter>
    </ClInclude>
    <ClInclude Include="json\features.h">
      <Filter>json</Filter>
    </ClInclude>
    <ClInclude Include="json\forwards.h">
      <Filter>json</Filter>
    </ClInclude>
    <ClInclude Include="json\json.h">
      <Filter>json</Filter>
    </ClInclude>
    <ClInclude Include="json\json_batchallocator.h">
      <Filter>json</Filter>
    </ClInclude>
    <ClInclude Include="json\reader.h">
      <Filter>json</Filter>
    </ClInclude>
    <ClInclude Include="json\value.h">
      <Filter>json</Filter>
    </ClInclude>
    <ClInclude Include="json\writer.h">
      <Filter>json</Filter>
    </ClInclude>
    <ClInclude Include="commom.h">
      <Filter>头文件</Filter>
    </ClInclude>
    <ClInclude Include="config.h">
      <Filter>头文件</Filter>
    </ClInclude>
    <ClInclude Include="file_system.h">
      <Filter>头文件</Filter>
    </ClInclude>
    <ClInclude Include="time_helper.h">
      <Filter>头文件</Filter>
    </ClInclude>
    <ClInclude Include="pool_obj.h">
      <Filter>头文件</Filter>
    </ClInclude>
    <ClInclude Include="nedmalloc\nedmalloc.h">
      <Filter>nedmalloc</Filter>
    </ClInclude>
    <ClInclude Include="nedmalloc\malloc.c.h">
      <Filter>nedmalloc</Filter>
    </ClInclude>
    <ClInclude Include="Glog.h">
      <Filter>头文件</Filter>
    </ClInclude>
    <ClInclude Include="GLogColor.h">
      <Filter>头文件</Filter>
    </ClInclude>
    <ClInclude Include="GLogLevel.h">
      <Filter>头文件</Filter>
    </ClInclude>
  </ItemGroup>
  <ItemGroup>
    <ClCompile Include="util.cpp">
      <Filter>源文件</Filter>
    </ClCompile>
    <ClCompile Include="json\json_reader.cpp">
      <Filter>json</Filter>
    </ClCompile>
    <ClCompile Include="json\json_value.cpp">
      <Filter>json</Filter>
    </ClCompile>
    <ClCompile Include="json\json_writer.cpp">
      <Filter>json</Filter>
    </ClCompile>
    <ClCompile Include="commom.cpp">
      <Filter>源文件</Filter>
    </ClCompile>
    <ClCompile Include="config.cpp">
      <Filter>源文件</Filter>
    </ClCompile>
    <ClCompile Include="file_system.cpp">
      <Filter>源文件</Filter>
    </ClCompile>
    <ClCompile Include="time_helper.cpp">
      <Filter>源文件</Filter>
    </ClCompile>
    <ClCompile Include="nedmalloc\nedmalloc.cpp">
      <Filter>nedmalloc</Filter>
    </ClCompile>
    <ClCompile Include="GLog.cpp">
      <Filter>源文件</Filter>
    </ClCompile>
  </ItemGroup>
  <ItemGroup>
    <None Include="json\json_internalarray.inl">
      <Filter>json</Filter>
    </None>
    <None Include="json\json_internalmap.inl">
      <Filter>json</Filter>
    </None>
    <None Include="json\json_valueiterator.inl">
      <Filter>json</Filter>
    </None>
  </ItemGroup>
</Project>